
Microsoft Visual Studio Solution File, Format Version 12.00
# Visual Studio Version 17
VisualStudioVersion = 17.3.32929.385
MinimumVisualStudioVersion = 10.0.40219.1
Project("{FAE04EC0-301F-11D3-BF4B-00C04F79EFBC}") = "Tetris", "Tetris.csproj", "{3CB18372-DF5C-4980-929A-BBB8AB1E00BD}"
EndProject
Global
	GlobalSection(SolutionConfigurationPlatforms) = preSolution
		Debug|Any CPU = Debug|Any CPU
		Release|Any CPU = Release|Any CPU
	EndGlobalSection
	GlobalSection(ProjectConfigurationPlatforms) = postSolution
		{3CB18372-DF5C-4980-929A-BBB8AB1E00BD}.Debug|Any CPU.ActiveCfg = Debug|Any CPU
		{3CB18372-DF5C-4980-929A-BBB8AB1E00BD}.Debug|Any CPU.Build.0 = Debug|Any CPU
		{3CB18372-DF5C-4980-929A-BBB8AB1E00BD}.Release|Any CPU.ActiveCfg = Release|Any CPU
		{3CB18372-DF5C-4980-929A-BBB8AB1E00BD}.Release|Any CPU.Build.0 = Release|Any CPU
	EndGlobalSection
	GlobalSection(SolutionProperties) = preSolution
		HideSolutionNode = FALSE
	EndGlobalSection
	GlobalSection(ExtensibilityGlobals) = postSolution
		SolutionGuid = {E75737B6-BFD6-43A8-953E-E45094AA5903}
	EndGlobalSection
EndGlobal
